// !$*UTF8*$!
{
	archiveVersion = 1;
	classes = {
	};
	objectVersion = 50;
	objects = {

/* Begin PBXBuildFile section */
		A01744AF2512EB5F009315F6 /* Model.swift in Sources */ = {isa = PBXBuildFile; fileRef = A01744AE2512EB5F009315F6 /* Model.swift */; };
		A02B994E2509AF380093DF90 /* SectorDescription.swift in Sources */ = {isa = PBXBuildFile; fileRef = A02B994D2509AF380093DF90 /* SectorDescription.swift */; };
		A041182D24EBE61400B309DA /* Sectors.swift in Sources */ = {isa = PBXBuildFile; fileRef = A041182C24EBE61400B309DA /* Sectors.swift */; };
		A041182F24EE261700B309DA /* Status.swift in Sources */ = {isa = PBXBuildFile; fileRef = A041182E24EE261700B309DA /* Status.swift */; };
		A041183324EEAF0A00B309DA /* Legions.swift in Sources */ = {isa = PBXBuildFile; fileRef = A041183224EEAF0A00B309DA /* Legions.swift */; };
		A041183524EEB2A500B309DA /* Ships.swift in Sources */ = {isa = PBXBuildFile; fileRef = A041183424EEB2A500B309DA /* Ships.swift */; };
		A041183724EEC21B00B309DA /* Target.swift in Sources */ = {isa = PBXBuildFile; fileRef = A041183624EEC21B00B309DA /* Target.swift */; };
		A041183B24EED98300B309DA /* TargetDescription.swift in Sources */ = {isa = PBXBuildFile; fileRef = A041183A24EED98300B309DA /* TargetDescription.swift */; };
		A041183D24EFBB7F00B309DA /* TopPilots.swift in Sources */ = {isa = PBXBuildFile; fileRef = A041183C24EFBB7F00B309DA /* TopPilots.swift */; };
		A043549B24F0355100EA9BF4 /* String.swift in Sources */ = {isa = PBXBuildFile; fileRef = A043549A24F0355100EA9BF4 /* String.swift */; };
		A046D02E24E79E24000393E7 /* Main.swift in Sources */ = {isa = PBXBuildFile; fileRef = A046D02D24E79E24000393E7 /* Main.swift */; };
		A079FF6A2501EE8F00FA1B13 /* Map.swift in Sources */ = {isa = PBXBuildFile; fileRef = A079FF692501EE8F00FA1B13 /* Map.swift */; };
		A07CFC4E24F869BF0019FE20 /* TopDeaths.swift in Sources */ = {isa = PBXBuildFile; fileRef = A07CFC4D24F869BF0019FE20 /* TopDeaths.swift */; };
		A07CFC5224F8895A0019FE20 /* TopLegions.swift in Sources */ = {isa = PBXBuildFile; fileRef = A07CFC5124F8895A0019FE20 /* TopLegions.swift */; };
		A08198AB25150D0700A81399 /* TheVioletSector.swift in Sources */ = {isa = PBXBuildFile; fileRef = A08198AA25150D0700A81399 /* TheVioletSector.swift */; };
		A082E126250042FB008DCD47 /* Targets.swift in Sources */ = {isa = PBXBuildFile; fileRef = A082E125250042FB008DCD47 /* Targets.swift */; };
		A08E6B6E25F1E2570057E8D7 /* Page.swift in Sources */ = {isa = PBXBuildFile; fileRef = A08E6B6D25F1E2570057E8D7 /* Page.swift */; };
		A08E6B7825F3B5A70057E8D7 /* Text.swift in Sources */ = {isa = PBXBuildFile; fileRef = A08E6B7725F3B5A70057E8D7 /* Text.swift */; };
		A08E6B8325F624820057E8D7 /* Description.swift in Sources */ = {isa = PBXBuildFile; fileRef = A08E6B8225F624820057E8D7 /* Description.swift */; };
		A09BA5492605A30300196FD9 /* Scans.swift in Sources */ = {isa = PBXBuildFile; fileRef = A09BA5482605A30300196FD9 /* Scans.swift */; };
		A09BA54C2605A55100196FD9 /* Top.swift in Sources */ = {isa = PBXBuildFile; fileRef = A09BA54B2605A55100196FD9 /* Top.swift */; };
		A09BA550260651B200196FD9 /* FriendlyScans.swift in Sources */ = {isa = PBXBuildFile; fileRef = A09BA54F260651B200196FD9 /* FriendlyScans.swift */; };
		A09BA553260655E500196FD9 /* IncomingScans.swift in Sources */ = {isa = PBXBuildFile; fileRef = A09BA552260655E500196FD9 /* IncomingScans.swift */; };
		A09BA5562606570200196FD9 /* OutgoingScans.swift in Sources */ = {isa = PBXBuildFile; fileRef = A09BA5552606570200196FD9 /* OutgoingScans.swift */; };
		A09BA55A2606677E00196FD9 /* ModelProtocol.swift in Sources */ = {isa = PBXBuildFile; fileRef = A09BA5592606677E00196FD9 /* ModelProtocol.swift */; };
		A0C4FF5924FE7A5100BA2418 /* Refresh.swift in Sources */ = {isa = PBXBuildFile; fileRef = A0C4FF5824FE7A5100BA2418 /* Refresh.swift */; };
		A0F552E224D51C2B008C3296 /* Assets.xcassets in Resources */ = {isa = PBXBuildFile; fileRef = A0F552E124D51C2B008C3296 /* Assets.xcassets */; };
		A0F552E524D51C2B008C3296 /* Preview Assets.xcassets in Resources */ = {isa = PBXBuildFile; fileRef = A0F552E424D51C2B008C3296 /* Preview Assets.xcassets */; };
		A0F552F124D525DA008C3296 /* Client.swift in Sources */ = {isa = PBXBuildFile; fileRef = A0F552F024D525DA008C3296 /* Client.swift */; };
/* End PBXBuildFile section */

/* Begin PBXFileReference section */
		A01744AE2512EB5F009315F6 /* Model.swift */ = {isa = PBXFileReference; lastKnownFileType = sourcecode.swift; path = Model.swift; sourceTree = "<group>"; };
		A02B994D2509AF380093DF90 /* SectorDescription.swift */ = {isa = PBXFileReference; lastKnownFileType = sourcecode.swift; path = SectorDescription.swift; sourceTree = "<group>"; };
		A041182C24EBE61400B309DA /* Sectors.swift */ = {isa = PBXFileReference; lastKnownFileType = sourcecode.swift; path = Sectors.swift; sourceTree = "<group>"; };
		A041182E24EE261700B309DA /* Status.swift */ = {isa = PBXFileReference; lastKnownFileType = sourcecode.swift; path = Status.swift; sourceTree = "<group>"; };
		A041183224EEAF0A00B309DA /* Legions.swift */ = {isa = PBXFileReference; lastKnownFileType = sourcecode.swift; path = Legions.swift; sourceTree = "<group>"; };
		A041183424EEB2A500B309DA /* Ships.swift */ = {isa = PBXFileReference; lastKnownFileType = sourcecode.swift; path = Ships.swift; sourceTree = "<group>"; };
		A041183624EEC21B00B309DA /* Target.swift */ = {isa = PBXFileReference; lastKnownFileType = sourcecode.swift; path = Target.swift; sourceTree = "<group>"; };
		A041183A24EED98300B309DA /* TargetDescription.swift */ = {isa = PBXFileReference; lastKnownFileType = sourcecode.swift; path = TargetDescription.swift; sourceTree = "<group>"; };
		A041183C24EFBB7F00B309DA /* TopPilots.swift */ = {isa = PBXFileReference; lastKnownFileType = sourcecode.swift; path = TopPilots.swift; sourceTree = "<group>"; };
		A043549A24F0355100EA9BF4 /* String.swift */ = {isa = PBXFileReference; lastKnownFileType = sourcecode.swift; path = String.swift; sourceTree = "<group>"; };
		A046D02D24E79E24000393E7 /* Main.swift */ = {isa = PBXFileReference; lastKnownFileType = sourcecode.swift; path = Main.swift; sourceTree = "<group>"; };
		A079FF692501EE8F00FA1B13 /* Map.swift */ = {isa = PBXFileReference; lastKnownFileType = sourcecode.swift; path = Map.swift; sourceTree = "<group>"; };
		A07CFC4D24F869BF0019FE20 /* TopDeaths.swift */ = {isa = PBXFileReference; lastKnownFileType = sourcecode.swift; path = TopDeaths.swift; sourceTree = "<group>"; };
		A07CFC5124F8895A0019FE20 /* TopLegions.swift */ = {isa = PBXFileReference; lastKnownFileType = sourcecode.swift; path = TopLegions.swift; sourceTree = "<group>"; };
		A08198AA25150D0700A81399 /* TheVioletSector.swift */ = {isa = PBXFileReference; lastKnownFileType = sourcecode.swift; path = TheVioletSector.swift; sourceTree = "<group>"; };
		A082E125250042FB008DCD47 /* Targets.swift */ = {isa = PBXFileReference; lastKnownFileType = sourcecode.swift; path = Targets.swift; sourceTree = "<group>"; };
		A08E6B6D25F1E2570057E8D7 /* Page.swift */ = {isa = PBXFileReference; lastKnownFileType = sourcecode.swift; path = Page.swift; sourceTree = "<group>"; };
		A08E6B7725F3B5A70057E8D7 /* Text.swift */ = {isa = PBXFileReference; lastKnownFileType = sourcecode.swift; path = Text.swift; sourceTree = "<group>"; };
		A08E6B8225F624820057E8D7 /* Description.swift */ = {isa = PBXFileReference; lastKnownFileType = sourcecode.swift; path = Description.swift; sourceTree = "<group>"; };
		A09BA5482605A30300196FD9 /* Scans.swift */ = {isa = PBXFileReference; lastKnownFileType = sourcecode.swift; path = Scans.swift; sourceTree = "<group>"; };
		A09BA54B2605A55100196FD9 /* Top.swift */ = {isa = PBXFileReference; lastKnownFileType = sourcecode.swift; path = Top.swift; sourceTree = "<group>"; };
		A09BA54F260651B200196FD9 /* FriendlyScans.swift */ = {isa = PBXFileReference; lastKnownFileType = sourcecode.swift; path = FriendlyScans.swift; sourceTree = "<group>"; };
		A09BA552260655E500196FD9 /* IncomingScans.swift */ = {isa = PBXFileReference; lastKnownFileType = sourcecode.swift; path = IncomingScans.swift; sourceTree = "<group>"; };
		A09BA5552606570200196FD9 /* OutgoingScans.swift */ = {isa = PBXFileReference; lastKnownFileType = sourcecode.swift; path = OutgoingScans.swift; sourceTree = "<group>"; };
		A09BA5592606677E00196FD9 /* ModelProtocol.swift */ = {isa = PBXFileReference; lastKnownFileType = sourcecode.swift; path = ModelProtocol.swift; sourceTree = "<group>"; };
		A0C4FF5824FE7A5100BA2418 /* Refresh.swift */ = {isa = PBXFileReference; lastKnownFileType = sourcecode.swift; path = Refresh.swift; sourceTree = "<group>"; };
		A0F552D824D51C2A008C3296 /* The Violet Sector.app */ = {isa = PBXFileReference; explicitFileType = wrapper.application; includeInIndex = 0; path = "The Violet Sector.app"; sourceTree = BUILT_PRODUCTS_DIR; };
		A0F552E124D51C2B008C3296 /* Assets.xcassets */ = {isa = PBXFileReference; lastKnownFileType = folder.assetcatalog; path = Assets.xcassets; sourceTree = "<group>"; };
		A0F552E424D51C2B008C3296 /* Preview Assets.xcassets */ = {isa = PBXFileReference; lastKnownFileType = folder.assetcatalog; path = "Preview Assets.xcassets"; sourceTree = "<group>"; };
		A0F552E924D51C2B008C3296 /* Info.plist */ = {isa = PBXFileReference; lastKnownFileType = text.plist.xml; path = Info.plist; sourceTree = "<group>"; };
		A0F552EF24D520C7008C3296 /* README.md */ = {isa = PBXFileReference; lastKnownFileType = net.daringfireball.markdown; path = README.md; sourceTree = "<group>"; };
		A0F552F024D525DA008C3296 /* Client.swift */ = {isa = PBXFileReference; lastKnownFileType = sourcecode.swift; path = Client.swift; sourceTree = "<group>"; };
/* End PBXFileReference section */

/* Begin PBXFrameworksBuildPhase section */
		A0F552D524D51C2A008C3296 /* Frameworks */ = {
			isa = PBXFrameworksBuildPhase;
			buildActionMask = 2147483647;
			files = (
			);
			runOnlyForDeploymentPostprocessing = 0;
		};
/* End PBXFrameworksBuildPhase section */

/* Begin PBXGroup section */
		A0F552CF24D51C2A008C3296 = {
			isa = PBXGroup;
			children = (
				A0F552EF24D520C7008C3296 /* README.md */,
				A0F552DA24D51C2A008C3296 /* The Violet Sector */,
				A0F552D924D51C2A008C3296 /* Products */,
			);
			sourceTree = "<group>";
		};
		A0F552D924D51C2A008C3296 /* Products */ = {
			isa = PBXGroup;
			children = (
				A0F552D824D51C2A008C3296 /* The Violet Sector.app */,
			);
			name = Products;
			sourceTree = "<group>";
		};
		A0F552DA24D51C2A008C3296 /* The Violet Sector */ = {
			isa = PBXGroup;
			children = (
				A08198AA25150D0700A81399 /* TheVioletSector.swift */,
				A046D02D24E79E24000393E7 /* Main.swift */,
				A09BA5482605A30300196FD9 /* Scans.swift */,
				A09BA54F260651B200196FD9 /* FriendlyScans.swift */,
				A09BA552260655E500196FD9 /* IncomingScans.swift */,
				A09BA5552606570200196FD9 /* OutgoingScans.swift */,
				A082E125250042FB008DCD47 /* Targets.swift */,
				A079FF692501EE8F00FA1B13 /* Map.swift */,
				A09BA54B2605A55100196FD9 /* Top.swift */,
				A041183C24EFBB7F00B309DA /* TopPilots.swift */,
				A07CFC4D24F869BF0019FE20 /* TopDeaths.swift */,
				A07CFC5124F8895A0019FE20 /* TopLegions.swift */,
				A08E6B6D25F1E2570057E8D7 /* Page.swift */,
				A041183A24EED98300B309DA /* TargetDescription.swift */,
				A02B994D2509AF380093DF90 /* SectorDescription.swift */,
				A0C4FF5824FE7A5100BA2418 /* Refresh.swift */,
				A08E6B8225F624820057E8D7 /* Description.swift */,
				A041182E24EE261700B309DA /* Status.swift */,
				A01744AE2512EB5F009315F6 /* Model.swift */,
				A041183624EEC21B00B309DA /* Target.swift */,
				A041182C24EBE61400B309DA /* Sectors.swift */,
				A041183424EEB2A500B309DA /* Ships.swift */,
				A041183224EEAF0A00B309DA /* Legions.swift */,
				A0F552F024D525DA008C3296 /* Client.swift */,
				A09BA5592606677E00196FD9 /* ModelProtocol.swift */,
				A08E6B7725F3B5A70057E8D7 /* Text.swift */,
				A043549A24F0355100EA9BF4 /* String.swift */,
				A0F552E124D51C2B008C3296 /* Assets.xcassets */,
				A0F552E924D51C2B008C3296 /* Info.plist */,
				A0F552E324D51C2B008C3296 /* Preview Content */,
			);
			path = "The Violet Sector";
			sourceTree = "<group>";
		};
		A0F552E324D51C2B008C3296 /* Preview Content */ = {
			isa = PBXGroup;
			children = (
				A0F552E424D51C2B008C3296 /* Preview Assets.xcassets */,
			);
			path = "Preview Content";
			sourceTree = "<group>";
		};
/* End PBXGroup section */

/* Begin PBXNativeTarget section */
		A0F552D724D51C2A008C3296 /* The Violet Sector */ = {
			isa = PBXNativeTarget;
			buildConfigurationList = A0F552EC24D51C2B008C3296 /* Build configuration list for PBXNativeTarget "The Violet Sector" */;
			buildPhases = (
				A0F552D424D51C2A008C3296 /* Sources */,
				A0F552D524D51C2A008C3296 /* Frameworks */,
				A0F552D624D51C2A008C3296 /* Resources */,
			);
			buildRules = (
			);
			dependencies = (
			);
			name = "The Violet Sector";
			productName = "The Violet Sector";
			productReference = A0F552D824D51C2A008C3296 /* The Violet Sector.app */;
			productType = "com.apple.product-type.application";
		};
/* End PBXNativeTarget section */

/* Begin PBXProject section */
		A0F552D024D51C2A008C3296 /* Project object */ = {
			isa = PBXProject;
			attributes = {
				LastSwiftUpdateCheck = 1160;
				LastUpgradeCheck = 1200;
				ORGANIZATIONNAME = "João Santos";
				TargetAttributes = {
					A0F552D724D51C2A008C3296 = {
						CreatedOnToolsVersion = 11.6;
					};
				};
			};
			buildConfigurationList = A0F552D324D51C2A008C3296 /* Build configuration list for PBXProject "The Violet Sector" */;
			compatibilityVersion = "Xcode 9.3";
			developmentRegion = "en-GB";
			hasScannedForEncodings = 0;
			knownRegions = (
				"en-GB",
				Base,
			);
			mainGroup = A0F552CF24D51C2A008C3296;
			productRefGroup = A0F552D924D51C2A008C3296 /* Products */;
			projectDirPath = "";
			projectRoot = "";
			targets = (
				A0F552D724D51C2A008C3296 /* The Violet Sector */,
			);
		};
/* End PBXProject section */

/* Begin PBXResourcesBuildPhase section */
		A0F552D624D51C2A008C3296 /* Resources */ = {
			isa = PBXResourcesBuildPhase;
			buildActionMask = 2147483647;
			files = (
				A0F552E524D51C2B008C3296 /* Preview Assets.xcassets in Resources */,
				A0F552E224D51C2B008C3296 /* Assets.xcassets in Resources */,
			);
			runOnlyForDeploymentPostprocessing = 0;
		};
/* End PBXResourcesBuildPhase section */

/* Begin PBXSourcesBuildPhase section */
		A0F552D424D51C2A008C3296 /* Sources */ = {
			isa = PBXSourcesBuildPhase;
			buildActionMask = 2147483647;
			files = (
				A043549B24F0355100EA9BF4 /* String.swift in Sources */,
				A041183324EEAF0A00B309DA /* Legions.swift in Sources */,
				A08E6B8325F624820057E8D7 /* Description.swift in Sources */,
				A08E6B6E25F1E2570057E8D7 /* Page.swift in Sources */,
				A09BA54C2605A55100196FD9 /* Top.swift in Sources */,
				A041182F24EE261700B309DA /* Status.swift in Sources */,
				A079FF6A2501EE8F00FA1B13 /* Map.swift in Sources */,
				A0C4FF5924FE7A5100BA2418 /* Refresh.swift in Sources */,
				A09BA553260655E500196FD9 /* IncomingScans.swift in Sources */,
				A041183524EEB2A500B309DA /* Ships.swift in Sources */,
				A09BA5562606570200196FD9 /* OutgoingScans.swift in Sources */,
				A0F552F124D525DA008C3296 /* Client.swift in Sources */,
				A09BA55A2606677E00196FD9 /* ModelProtocol.swift in Sources */,
				A08E6B7825F3B5A70057E8D7 /* Text.swift in Sources */,
				A07CFC5224F8895A0019FE20 /* TopLegions.swift in Sources */,
				A041183D24EFBB7F00B309DA /* TopPilots.swift in Sources */,
				A046D02E24E79E24000393E7 /* Main.swift in Sources */,
				A08198AB25150D0700A81399 /* TheVioletSector.swift in Sources */,
				A09BA5492605A30300196FD9 /* Scans.swift in Sources */,
				A09BA550260651B200196FD9 /* FriendlyScans.swift in Sources */,
				A041183724EEC21B00B309DA /* Target.swift in Sources */,
				A01744AF2512EB5F009315F6 /* Model.swift in Sources */,
				A07CFC4E24F869BF0019FE20 /* TopDeaths.swift in Sources */,
				A082E126250042FB008DCD47 /* Targets.swift in Sources */,
				A041183B24EED98300B309DA /* TargetDescription.swift in Sources */,
				A02B994E2509AF380093DF90 /* SectorDescription.swift in Sources */,
				A041182D24EBE61400B309DA /* Sectors.swift in Sources */,
			);
			runOnlyForDeploymentPostprocessing = 0;
		};
/* End PBXSourcesBuildPhase section */

/* Begin XCBuildConfiguration section */
		A0F552EA24D51C2B008C3296 /* Debug */ = {
			isa = XCBuildConfiguration;
			buildSettings = {
				ALWAYS_SEARCH_USER_PATHS = NO;
				CLANG_ANALYZER_NONNULL = YES;
				CLANG_ANALYZER_NUMBER_OBJECT_CONVERSION = YES_AGGRESSIVE;
				CLANG_CXX_LANGUAGE_STANDARD = "gnu++14";
				CLANG_CXX_LIBRARY = "libc++";
				CLANG_ENABLE_MODULES = YES;
				CLANG_ENABLE_OBJC_ARC = YES;
				CLANG_ENABLE_OBJC_WEAK = YES;
				CLANG_WARN_BLOCK_CAPTURE_AUTORELEASING = YES;
				CLANG_WARN_BOOL_CONVERSION = YES;
				CLANG_WARN_COMMA = YES;
				CLANG_WARN_CONSTANT_CONVERSION = YES;
				CLANG_WARN_DEPRECATED_OBJC_IMPLEMENTATIONS = YES;
				CLANG_WARN_DIRECT_OBJC_ISA_USAGE = YES_ERROR;
				CLANG_WARN_DOCUMENTATION_COMMENTS = YES;
				CLANG_WARN_EMPTY_BODY = YES;
				CLANG_WARN_ENUM_CONVERSION = YES;
				CLANG_WARN_INFINITE_RECURSION = YES;
				CLANG_WARN_INT_CONVERSION = YES;
				CLANG_WARN_NON_LITERAL_NULL_CONVERSION = YES;
				CLANG_WARN_OBJC_IMPLICIT_RETAIN_SELF = YES;
				CLANG_WARN_OBJC_LITERAL_CONVERSION = YES;
				CLANG_WARN_OBJC_ROOT_CLASS = YES_ERROR;
				CLANG_WARN_QUOTED_INCLUDE_IN_FRAMEWORK_HEADER = YES;
				CLANG_WARN_RANGE_LOOP_ANALYSIS = YES;
				CLANG_WARN_STRICT_PROTOTYPES = YES;
				CLANG_WARN_SUSPICIOUS_MOVE = YES;
				CLANG_WARN_UNGUARDED_AVAILABILITY = YES_AGGRESSIVE;
				CLANG_WARN_UNREACHABLE_CODE = YES;
				CLANG_WARN__DUPLICATE_METHOD_MATCH = YES;
				COPY_PHASE_STRIP = NO;
				DEBUG_INFORMATION_FORMAT = dwarf;
				ENABLE_STRICT_OBJC_MSGSEND = YES;
				ENABLE_TESTABILITY = YES;
				GCC_C_LANGUAGE_STANDARD = gnu11;
				GCC_DYNAMIC_NO_PIC = NO;
				GCC_NO_COMMON_BLOCKS = YES;
				GCC_OPTIMIZATION_LEVEL = 0;
				GCC_PREPROCESSOR_DEFINITIONS = (
					"DEBUG=1",
					"$(inherited)",
				);
				GCC_WARN_64_TO_32_BIT_CONVERSION = YES;
				GCC_WARN_ABOUT_RETURN_TYPE = YES_ERROR;
				GCC_WARN_UNDECLARED_SELECTOR = YES;
				GCC_WARN_UNINITIALIZED_AUTOS = YES_AGGRESSIVE;
				GCC_WARN_UNUSED_FUNCTION = YES;
				GCC_WARN_UNUSED_VARIABLE = YES;
				IPHONEOS_DEPLOYMENT_TARGET = 14.0;
				MTL_ENABLE_DEBUG_INFO = INCLUDE_SOURCE;
				MTL_FAST_MATH = YES;
				ONLY_ACTIVE_ARCH = YES;
				SDKROOT = iphoneos;
				SWIFT_ACTIVE_COMPILATION_CONDITIONS = DEBUG;
				SWIFT_OPTIMIZATION_LEVEL = "-Onone";
			};
			name = Debug;
		};
		A0F552EB24D51C2B008C3296 /* Release */ = {
			isa = XCBuildConfiguration;
			buildSettings = {
				ALWAYS_SEARCH_USER_PATHS = NO;
				CLANG_ANALYZER_NONNULL = YES;
				CLANG_ANALYZER_NUMBER_OBJECT_CONVERSION = YES_AGGRESSIVE;
				CLANG_CXX_LANGUAGE_STANDARD = "gnu++14";
				CLANG_CXX_LIBRARY = "libc++";
				CLANG_ENABLE_MODULES = YES;
				CLANG_ENABLE_OBJC_ARC = YES;
				CLANG_ENABLE_OBJC_WEAK = YES;
				CLANG_WARN_BLOCK_CAPTURE_AUTORELEASING = YES;
				CLANG_WARN_BOOL_CONVERSION = YES;
				CLANG_WARN_COMMA = YES;
				CLANG_WARN_CONSTANT_CONVERSION = YES;
				CLANG_WARN_DEPRECATED_OBJC_IMPLEMENTATIONS = YES;
				CLANG_WARN_DIRECT_OBJC_ISA_USAGE = YES_ERROR;
				CLANG_WARN_DOCUMENTATION_COMMENTS = YES;
				CLANG_WARN_EMPTY_BODY = YES;
				CLANG_WARN_ENUM_CONVERSION = YES;
				CLANG_WARN_INFINITE_RECURSION = YES;
				CLANG_WARN_INT_CONVERSION = YES;
				CLANG_WARN_NON_LITERAL_NULL_CONVERSION = YES;
				CLANG_WARN_OBJC_IMPLICIT_RETAIN_SELF = YES;
				CLANG_WARN_OBJC_LITERAL_CONVERSION = YES;
				CLANG_WARN_OBJC_ROOT_CLASS = YES_ERROR;
				CLANG_WARN_QUOTED_INCLUDE_IN_FRAMEWORK_HEADER = YES;
				CLANG_WARN_RANGE_LOOP_ANALYSIS = YES;
				CLANG_WARN_STRICT_PROTOTYPES = YES;
				CLANG_WARN_SUSPICIOUS_MOVE = YES;
				CLANG_WARN_UNGUARDED_AVAILABILITY = YES_AGGRESSIVE;
				CLANG_WARN_UNREACHABLE_CODE = YES;
				CLANG_WARN__DUPLICATE_METHOD_MATCH = YES;
				COPY_PHASE_STRIP = NO;
				DEBUG_INFORMATION_FORMAT = "dwarf-with-dsym";
				ENABLE_NS_ASSERTIONS = NO;
				ENABLE_STRICT_OBJC_MSGSEND = YES;
				GCC_C_LANGUAGE_STANDARD = gnu11;
				GCC_NO_COMMON_BLOCKS = YES;
				GCC_WARN_64_TO_32_BIT_CONVERSION = YES;
				GCC_WARN_ABOUT_RETURN_TYPE = YES_ERROR;
				GCC_WARN_UNDECLARED_SELECTOR = YES;
				GCC_WARN_UNINITIALIZED_AUTOS = YES_AGGRESSIVE;
				GCC_WARN_UNUSED_FUNCTION = YES;
				GCC_WARN_UNUSED_VARIABLE = YES;
				IPHONEOS_DEPLOYMENT_TARGET = 14.0;
				MTL_ENABLE_DEBUG_INFO = NO;
				MTL_FAST_MATH = YES;
				SDKROOT = iphoneos;
				SWIFT_COMPILATION_MODE = wholemodule;
				SWIFT_OPTIMIZATION_LEVEL = "-O";
				VALIDATE_PRODUCT = YES;
			};
			name = Release;
		};
		A0F552ED24D51C2B008C3296 /* Debug */ = {
			isa = XCBuildConfiguration;
			buildSettings = {
				ASSETCATALOG_COMPILER_APPICON_NAME = AppIcon;
				CODE_SIGN_STYLE = Automatic;
				DEVELOPMENT_ASSET_PATHS = "\"The Violet Sector/Preview Content\"";
				DEVELOPMENT_TEAM = P2KV86B984;
				ENABLE_PREVIEWS = YES;
				INFOPLIST_FILE = "The Violet Sector/Info.plist";
				LD_RUNPATH_SEARCH_PATHS = (
					"$(inherited)",
					"@executable_path/Frameworks",
				);
				PRODUCT_BUNDLE_IDENTIFIER = "com.violetsector.Violet-Sector";
				PRODUCT_NAME = "$(TARGET_NAME)";
				SWIFT_VERSION = 5.0;
				TARGETED_DEVICE_FAMILY = 1;
			};
			name = Debug;
		};
		A0F552EE24D51C2B008C3296 /* Release */ = {
			isa = XCBuildConfiguration;
			buildSettings = {
				ASSETCATALOG_COMPILER_APPICON_NAME = AppIcon;
				CODE_SIGN_STYLE = Automatic;
				DEVELOPMENT_ASSET_PATHS = "\"The Violet Sector/Preview Content\"";
				DEVELOPMENT_TEAM = P2KV86B984;
				ENABLE_PREVIEWS = YES;
				INFOPLIST_FILE = "The Violet Sector/Info.plist";
				LD_RUNPATH_SEARCH_PATHS = (
					"$(inherited)",
					"@executable_path/Frameworks",
				);
				PRODUCT_BUNDLE_IDENTIFIER = "com.violetsector.Violet-Sector";
				PRODUCT_NAME = "$(TARGET_NAME)";
				SWIFT_VERSION = 5.0;
				TARGETED_DEVICE_FAMILY = 1;
			};
			name = Release;
		};
/* End XCBuildConfiguration section */

/* Begin XCConfigurationList section */
		A0F552D324D51C2A008C3296 /* Build configuration list for PBXProject "The Violet Sector" */ = {
			isa = XCConfigurationList;
			buildConfigurations = (
				A0F552EA24D51C2B008C3296 /* Debug */,
				A0F552EB24D51C2B008C3296 /* Release */,
			);
			defaultConfigurationIsVisible = 0;
			defaultConfigurationName = Release;
		};
		A0F552EC24D51C2B008C3296 /* Build configuration list for PBXNativeTarget "The Violet Sector" */ = {
			isa = XCConfigurationList;
			buildConfigurations = (
				A0F552ED24D51C2B008C3296 /* Debug */,
				A0F552EE24D51C2B008C3296 /* Release */,
			);
			defaultConfigurationIsVisible = 0;
			defaultConfigurationName = Release;
		};
/* End XCConfigurationList section */
	};
	rootObject = A0F552D024D51C2A008C3296 /* Project object */;
}
